PODS:
  - ActionSheetPicker-3.0 (2.2.0)
  - AFNetworking (3.1.0):
    - AFNetworking/NSURLSession (= 3.1.0)
    - AFNetworking/Reachability (= 3.1.0)
    - AFNetworking/Security (= 3.1.0)
    - AFNetworking/Serialization (= 3.1.0)
    - AFNetworking/UIKit (= 3.1.0)
  - AFNetworking/NSURLSession (3.1.0):
    - AFNetworking/Reachability
    - AFNetworking/Security
    - AFNetworking/Serialization
  - AFNetworking/Reachability (3.1.0)
  - AFNetworking/Security (3.1.0)
  - AFNetworking/Serialization (3.1.0)
  - AFNetworking/UIKit (3.1.0):
    - AFNetworking/NSURLSession
  - Appirater (2.1.2)
  - CocoaLumberjack (2.2.0):
    - CocoaLumberjack/Default (= 2.2.0)
    - CocoaLumberjack/Extensions (= 2.2.0)
  - CocoaLumberjack/Core (2.2.0)
  - CocoaLumberjack/Default (2.2.0):
    - CocoaLumberjack/Core
  - CocoaLumberjack/Extensions (2.2.0):
    - CocoaLumberjack/Default
  - DateTools (2.0.0)
  - DZNEmptyDataSet (1.8.1)
  - FMDB (2.6.2):
    - FMDB/standard (= 2.6.2)
  - FMDB/standard (2.6.2)
  - FreeStreamer (3.7.2):
    - Reachability (~> 3.0)
  - IQKeyboardManager (4.0.9)
  - JPFPSStatus (0.1)
  - KNSemiModalViewController_hons82 (0.4.5)
  - Masonry (1.0.2)
  - MBProgressHUD (1.0.0)
  - MJPhotoBrowser (1.0.2):
    - SDWebImage
    - SVProgressHUD
    - YLGIFImage
  - MJRefresh (3.1.12)
  - MOBFoundation (2.2.17)
  - NSObject-SafeExpectations (0.0.2)
  - Reachability (3.2)
  - ReactiveCocoa (2.5):
    - ReactiveCocoa/UI (= 2.5)
  - ReactiveCocoa/Core (2.5):
    - ReactiveCocoa/no-arc
  - ReactiveCocoa/no-arc (2.5)
  - ReactiveCocoa/UI (2.5):
    - ReactiveCocoa/Core
  - SDCycleScrollView (1.65):
    - SDWebImage (~> 3.7)
  - SDWebImage (3.8.2):
    - SDWebImage/Core (= 3.8.2)
  - SDWebImage/Core (3.8.2)
  - ShareSDK3 (3.6.2.1):
    - MOBFoundation
    - ShareSDK3/ShareSDK (= 3.6.2.1)
  - ShareSDK3/ShareSDK (3.6.2.1):
    - MOBFoundation
  - ShareSDK3/ShareSDKPlatforms/QQ (3.6.2.1):
    - MOBFoundation
  - ShareSDK3/ShareSDKPlatforms/SinaWeibo (3.6.2.1):
    - MOBFoundation
  - ShareSDK3/ShareSDKPlatforms/WeChat (3.6.2.1):
    - MOBFoundation
  - ShareSDK3/ShareSDKUI (3.6.2.1):
    - MOBFoundation
  - SKTagView (0.9.2)
  - StreamingKit (0.1.29)
  - SVProgressHUD (2.1.2)
  - TYAttributedLabel (2.6.2)
  - TZImagePickerController (1.7.8)
  - UITableView+FDTemplateLayoutCell (1.4)
  - UMengAnalytics (4.2.4)
  - WMPageController (2.2.1)
  - WordPress-iOS-Editor (1.8.1):
    - CocoaLumberjack (~> 2.2.0)
    - NSObject-SafeExpectations (~> 0.0.2)
    - WordPressCom-Analytics-iOS (~> 0.1.0)
  - WordPress-iOS-Shared (0.7.0):
    - CocoaLumberjack (~> 2.2.0)
  - WordPressCom-Analytics-iOS (0.1.24)
  - YLGIFImage (0.11)
  - YNPageScrollViewController (1.0.3)
  - YYCache (1.0.4)
  - YYImage (1.0.4):
    - YYImage/Core (= 1.0.4)
  - YYImage/Core (1.0.4)
  - YYImage/WebP (1.0.4):
    - YYImage/Core
  - YYModel (1.0.4)
  - YYText (1.0.7)
  - YYWebImage (1.0.5):
    - YYCache
    - YYImage
  - ZFPlayer (2.1.3):
    - Masonry

DEPENDENCIES:
  - ActionSheetPicker-3.0
  - AFNetworking
  - Appirater
  - CocoaLumberjack (from `https://github.com/CocoaLumberjack/CocoaLumberjack.git`, tag `2.2.0`)
  - DateTools
  - DZNEmptyDataSet
  - FMDB
  - FreeStreamer
  - IQKeyboardManager
  - JPFPSStatus
  - KNSemiModalViewController_hons82
  - Masonry
  - MBProgressHUD
  - MJPhotoBrowser
  - MJRefresh
  - MOBFoundation
  - Reachability
  - ReactiveCocoa (~> 2.5)
  - SDCycleScrollView
  - SDWebImage
  - ShareSDK3
  - ShareSDK3/ShareSDKPlatforms/QQ
  - ShareSDK3/ShareSDKPlatforms/SinaWeibo
  - ShareSDK3/ShareSDKPlatforms/WeChat
  - ShareSDK3/ShareSDKUI
  - SKTagView
  - StreamingKit
  - TYAttributedLabel
  - TZImagePickerController (from `https://github.com/banchichen/TZImagePickerController.git`, tag `1.7.8`)
  - UITableView+FDTemplateLayoutCell
  - UMengAnalytics
  - WMPageController
  - WordPress-iOS-Editor (from `https://github.com/wordpress-mobile/WordPress-iOS-Editor.git`, tag `1.8.1`)
  - WordPress-iOS-Shared (from `https://github.com/wordpress-mobile/WordPress-Shared-iOS`, tag `0.7.0`)
  - WordPressCom-Analytics-iOS (~> 0.1.18)
  - YNPageScrollViewController
  - YYImage/WebP
  - YYModel
  - YYText
  - YYWebImage
  - ZFPlayer

EXTERNAL SOURCES:
  CocoaLumberjack:
    :git: https://github.com/CocoaLumberjack/CocoaLumberjack.git
    :tag: 2.2.0
  TZImagePickerController:
    :git: https://github.com/banchichen/TZImagePickerController.git
    :tag: 1.7.8
  WordPress-iOS-Editor:
    :git: https://github.com/wordpress-mobile/WordPress-iOS-Editor.git
    :tag: 1.8.1
  WordPress-iOS-Shared:
    :git: https://github.com/wordpress-mobile/WordPress-Shared-iOS
    :tag: 0.7.0

CHECKOUT OPTIONS:
  CocoaLumberjack:
    :git: https://github.com/CocoaLumberjack/CocoaLumberjack.git
    :tag: 2.2.0
  TZImagePickerController:
    :git: https://github.com/banchichen/TZImagePickerController.git
    :tag: 1.7.8
  WordPress-iOS-Editor:
    :git: https://github.com/wordpress-mobile/WordPress-iOS-Editor.git
    :tag: 1.8.1
  WordPress-iOS-Shared:
    :git: https://github.com/wordpress-mobile/WordPress-Shared-iOS
    :tag: 0.7.0

SPEC CHECKSUMS:
  ActionSheetPicker-3.0: d11a4c12c6aaf704b8a3f56d179198c99f3e41e6
  AFNetworking: 5e0e199f73d8626b11e79750991f5d173d1f8b67
  Appirater: f1c9e53e8b612193e6256144f6a0fd2e31f4340d
  CocoaLumberjack: 17fe8581f84914d5d7e6360f7c70022b173c3ae0
  DateTools: 933ac9c490f21f92127cf690ccd8c397e0126caf
  DZNEmptyDataSet: 9525833b9e68ac21c30253e1d3d7076cc828eaa7
  FMDB: 854a0341b4726e53276f2a8996f06f1b80f9259a
  FreeStreamer: 98f42f926bed70e3f8873930bc530aae83082d9f
  IQKeyboardManager: 322c7405df3eb5f7e50dede32ea937bf3d4364e0
  JPFPSStatus: 4467a17488382e4c1700bd9d18c92ae581fd6305
  KNSemiModalViewController_hons82: 0ef0ef5ed7c3814ddd0fa9c884ab74d5495de16b
  Masonry: 7c429b56da9d4ee0bbb3ed77a5ea710d6a5df39e
  MBProgressHUD: 4890f671c94e8a0f3cf959aa731e9de2f036d71a
  MJPhotoBrowser: b98b04d0e3b6a999feb44df68adec413af446809
  MJRefresh: b96cdb21c4aa75a7b07654311ab2f315c497e806
  MOBFoundation: fa12570bb16a7655dca3b3472ce6cd962e7ff5e3
  NSObject-SafeExpectations: 7d7f48df90df4e11da7cfe86b64f45eff7a7f521
  Reachability: 33e18b67625424e47b6cde6d202dce689ad7af96
  ReactiveCocoa: e2db045570aa97c695e7aa97c2bcab222ae51f4a
  SDCycleScrollView: f72904c77698a7f93a41bcbbc2d78b073bf7326c
  SDWebImage: 098e97e6176540799c27e804c96653ee0833d13c
  ShareSDK3: 3c531b5e64576e4b947127b9b1f46b685dfa3b37
  SKTagView: 59cdadcd16e4a09300746ad1811a72371e1327f7
  StreamingKit: c329785aaef3ac142d4ae388345bfe1ed23cfd45
  SVProgressHUD: c404a55d78acbeb7ebb78b76d3faf986475a6994
  TYAttributedLabel: 1c1f1e7604043ba584e005d4fd3aee8a1a7a2020
  TZImagePickerController: 87a138ae5d585225aaa6c8abe2cface0f0ad19dd
  UITableView+FDTemplateLayoutCell: 234e1582bcc4e18461af91155123bb96538ed030
  UMengAnalytics: ef8d45f94c0e5771dc364cf6a5731d9d3b101da2
  WMPageController: 181bcc9b1fb7c9c3466bff66012552953a547d28
  WordPress-iOS-Editor: 3118f5d6b142b6bf322f3393a7dd98a28bca68cb
  WordPress-iOS-Shared: 4bec543bac6543480b10d904bea122dcba43cc37
  WordPressCom-Analytics-iOS: 9787d0e0866f48ae759a1d56e21c5a8f3a08a67e
  YLGIFImage: c0ae132fe80e5282b2762a97d14e23ba71a748ae
  YNPageScrollViewController: 1501d62217b4463bdd619496ec247715776d9e33
  YYCache: 8105b6638f5e849296c71f331ff83891a4942952
  YYImage: 1e1b62a9997399593e4b9c4ecfbbabbf1d3f3b54
  YYModel: 2a7fdd96aaa4b86a824e26d0c517de8928c04b30
  YYText: 5c461d709e24d55a182d1441c41dc639a18a4849
  YYWebImage: 5f7f36aee2ae293f016d418c7d6ba05c4863e928
  ZFPlayer: 8dc82b4508fbba4ee59d0304c52e30f8b3390244

PODFILE CHECKSUM: b9d4701af36c52b9b7187029fc64fbb4bbdbe818

COCOAPODS: 1.2.0
