PODS:
  - ActionSheetPicker-3.0 (2.2.0)
  - AFNetworking (3.1.0):
    - AFNetworking/NSURLSession (= 3.1.0)
    - AFNetworking/Reachability (= 3.1.0)
    - AFNetworking/Security (= 3.1.0)
    - AFNetworking/Serialization (= 3.1.0)
    - AFNetworking/UIKit (= 3.1.0)
  - AFNetworking/NSURLSession (3.1.0):
    - AFNetworking/Reachability
    - AFNetworking/Security
    - AFNetworking/Serialization
  - AFNetworking/Reachability (3.1.0)
  - AFNetworking/Security (3.1.0)
  - AFNetworking/Serialization (3.1.0)
  - AFNetworking/UIKit (3.1.0):
    - AFNetworking/NSURLSession
  - Appirater (2.0.5)
  - CocoaLumberjack (2.2.0):
    - CocoaLumberjack/Default (= 2.2.0)
    - CocoaLumberjack/Extensions (= 2.2.0)
  - CocoaLumberjack/Core (2.2.0)
  - CocoaLumberjack/Default (2.2.0):
    - CocoaLumberjack/Core
  - CocoaLumberjack/Extensions (2.2.0):
    - CocoaLumberjack/Default
  - DateTools (1.7.0)
  - DZNEmptyDataSet (1.8.1)
  - FMDB (2.6.2):
    - FMDB/standard (= 2.6.2)
  - FMDB/standard (2.6.2)
  - FreeStreamer (3.6.2):
    - Reachability (~> 3.0)
  - HexColors (4.0.0)
  - IQKeyboardManager (4.0.4)
  - JPFPSStatus (0.1)
  - KNSemiModalViewController_hons82 (0.4.5)
  - Masonry (1.0.1)
  - MBProgressHUD (1.0.0)
  - MJPhotoBrowser (1.0.2):
    - SDWebImage
    - SVProgressHUD
    - YLGIFImage
  - MJRefresh (3.1.12)
  - MOBFoundation (2.0.8)
  - NSObject-SafeExpectations (0.0.2)
  - Reachability (3.2)
  - ReactiveCocoa (2.5):
    - ReactiveCocoa/UI (= 2.5)
  - ReactiveCocoa/Core (2.5):
    - ReactiveCocoa/no-arc
  - ReactiveCocoa/no-arc (2.5)
  - ReactiveCocoa/UI (2.5):
    - ReactiveCocoa/Core
  - SDCycleScrollView (1.65):
    - SDWebImage (~> 3.7)
  - SDWebImage (3.8.1):
    - SDWebImage/Core (= 3.8.1)
  - SDWebImage/Core (3.8.1)
  - ShareSDK3 (3.4.0):
    - ShareSDK3/ShareSDK (= 3.4.0)
  - ShareSDK3/ShareSDK (3.4.0)
  - ShareSDK3/ShareSDKPlatforms/QQ (3.4.0)
  - ShareSDK3/ShareSDKPlatforms/SinaWeibo (3.4.0)
  - ShareSDK3/ShareSDKPlatforms/WeChat (3.4.0)
  - ShareSDK3/ShareSDKUI (3.4.0)
  - SKTagView (0.9.2)
  - StreamingKit (0.1.29)
  - SVProgressHUD (2.0.3)
  - TYAttributedLabel (2.6.1)
  - TZImagePickerController (1.7.8)
  - UITableView+FDTemplateLayoutCell (1.4)
  - UMengAnalytics (4.1.0)
  - WMPageController (1.8.8)
  - WordPress-iOS-Editor (1.8.1):
    - CocoaLumberjack (~> 2.2.0)
    - NSObject-SafeExpectations (~> 0.0.2)
    - WordPressCom-Analytics-iOS (~> 0.1.0)
  - WordPress-iOS-Shared (0.7.0):
    - CocoaLumberjack (~> 2.2.0)
  - WordPressCom-Analytics-iOS (0.1.18)
  - YLGIFImage (0.11)
  - YNPageScrollViewController (1.0.2)
  - YYCache (1.0.3)
  - YYImage (1.0.3):
    - YYImage/Core (= 1.0.3)
  - YYImage/Core (1.0.3)
  - YYImage/WebP (1.0.3):
    - YYImage/Core
  - YYModel (1.0.4)
  - YYText (1.0.5)
  - YYWebImage (1.0.4):
    - YYCache
    - YYImage
  - ZFPlayer (1.2.1):
    - Masonry

DEPENDENCIES:
  - ActionSheetPicker-3.0
  - AFNetworking
  - Appirater
  - CocoaLumberjack (from `https://github.com/CocoaLumberjack/CocoaLumberjack.git`, tag `2.2.0`)
  - DateTools
  - DZNEmptyDataSet
  - FMDB
  - FreeStreamer
  - HexColors
  - IQKeyboardManager
  - JPFPSStatus
  - KNSemiModalViewController_hons82
  - Masonry
  - MBProgressHUD
  - MJPhotoBrowser
  - MJRefresh
  - MOBFoundation
  - Reachability
  - ReactiveCocoa (~> 2.5)
  - SDCycleScrollView
  - SDWebImage
  - ShareSDK3
  - ShareSDK3/ShareSDKPlatforms/QQ
  - ShareSDK3/ShareSDKPlatforms/SinaWeibo
  - ShareSDK3/ShareSDKPlatforms/WeChat
  - ShareSDK3/ShareSDKUI
  - SKTagView
  - StreamingKit
  - TYAttributedLabel
  - TZImagePickerController (from `https://github.com/banchichen/TZImagePickerController.git`, tag `1.7.8`)
  - UITableView+FDTemplateLayoutCell
  - UMengAnalytics
  - WMPageController
  - WordPress-iOS-Editor (from `https://github.com/wordpress-mobile/WordPress-iOS-Editor.git`, tag `1.8.1`)
  - WordPress-iOS-Shared (from `https://github.com/wordpress-mobile/WordPress-Shared-iOS`, tag `0.7.0`)
  - WordPressCom-Analytics-iOS (~> 0.1.18)
  - YNPageScrollViewController
  - YYImage/WebP
  - YYModel
  - YYText
  - YYWebImage
  - ZFPlayer

EXTERNAL SOURCES:
  CocoaLumberjack:
    :git: https://github.com/CocoaLumberjack/CocoaLumberjack.git
    :tag: 2.2.0
  TZImagePickerController:
    :git: https://github.com/banchichen/TZImagePickerController.git
    :tag: 1.7.8
  WordPress-iOS-Editor:
    :git: https://github.com/wordpress-mobile/WordPress-iOS-Editor.git
    :tag: 1.8.1
  WordPress-iOS-Shared:
    :git: https://github.com/wordpress-mobile/WordPress-Shared-iOS
    :tag: 0.7.0

CHECKOUT OPTIONS:
  CocoaLumberjack:
    :git: https://github.com/CocoaLumberjack/CocoaLumberjack.git
    :tag: 2.2.0
  TZImagePickerController:
    :git: https://github.com/banchichen/TZImagePickerController.git
    :tag: 1.7.8
  WordPress-iOS-Editor:
    :git: https://github.com/wordpress-mobile/WordPress-iOS-Editor.git
    :tag: 1.8.1
  WordPress-iOS-Shared:
    :git: https://github.com/wordpress-mobile/WordPress-Shared-iOS
    :tag: 0.7.0

SPEC CHECKSUMS:
  ActionSheetPicker-3.0: d11a4c12c6aaf704b8a3f56d179198c99f3e41e6
  AFNetworking: 5e0e199f73d8626b11e79750991f5d173d1f8b67
  Appirater: e7c0a47fb67ee5041ce8479e6ba960927fb40264
  CocoaLumberjack: 17fe8581f84914d5d7e6360f7c70022b173c3ae0
  DateTools: 53288ee8b905fdc75897a1e6b5cc0144b14cba60
  DZNEmptyDataSet: 9525833b9e68ac21c30253e1d3d7076cc828eaa7
  FMDB: 854a0341b4726e53276f2a8996f06f1b80f9259a
  FreeStreamer: 32a59f31065bf10909c329c47c8d6a2e1d9ba559
  HexColors: 5f95843ef89aff6a72e1fd3a8ebabf205cc43379
  IQKeyboardManager: 4a6f83b540283c2645aaeba2bd8dc0f09b5c77f8
  JPFPSStatus: 4467a17488382e4c1700bd9d18c92ae581fd6305
  KNSemiModalViewController_hons82: 0ef0ef5ed7c3814ddd0fa9c884ab74d5495de16b
  Masonry: a1a931a0d08870ed8ae415a2ea5ea68ebcac77df
  MBProgressHUD: 4890f671c94e8a0f3cf959aa731e9de2f036d71a
  MJPhotoBrowser: f55e8490231f44a78ca6455105a1c798a142c95f
  MJRefresh: b96cdb21c4aa75a7b07654311ab2f315c497e806
  MOBFoundation: 6f2006b941bd4002e2689a638d04c6b535c4cc64
  NSObject-SafeExpectations: 7d7f48df90df4e11da7cfe86b64f45eff7a7f521
  Reachability: 33e18b67625424e47b6cde6d202dce689ad7af96
  ReactiveCocoa: e2db045570aa97c695e7aa97c2bcab222ae51f4a
  SDCycleScrollView: f72904c77698a7f93a41bcbbc2d78b073bf7326c
  SDWebImage: 35f9627a3e44b4f292a8a8ce6a531fa488239b91
  ShareSDK3: df89140111729eae7a2bf06688372af969322a37
  SKTagView: 59cdadcd16e4a09300746ad1811a72371e1327f7
  StreamingKit: c329785aaef3ac142d4ae388345bfe1ed23cfd45
  SVProgressHUD: b0830714205bea1317ea1a2ebc71e5633af334d4
  TYAttributedLabel: 4785820dc8d7935446f49f1de4daa0f99ebcba8a
  TZImagePickerController: 87a138ae5d585225aaa6c8abe2cface0f0ad19dd
  UITableView+FDTemplateLayoutCell: 234e1582bcc4e18461af91155123bb96538ed030
  UMengAnalytics: 19b28253793d77dff10fb7d502faad1fb6b8ce4a
  WMPageController: 17f093c7ad34507775b62d537821aa4d6de54e7b
  WordPress-iOS-Editor: 3118f5d6b142b6bf322f3393a7dd98a28bca68cb
  WordPress-iOS-Shared: 4bec543bac6543480b10d904bea122dcba43cc37
  WordPressCom-Analytics-iOS: f8e3823c3d528d5238bfe6721cd0d67b9e7cc4f6
  YLGIFImage: c0ae132fe80e5282b2762a97d14e23ba71a748ae
  YNPageScrollViewController: 6b681a833185d10747878d6dd921bda3c15b8cb6
  YYCache: 282f35b5b0990833d0b7a06d864a87141a021da2
  YYImage: 362f44ffba1fc498f2152060f3bb54ed84600981
  YYModel: 2a7fdd96aaa4b86a824e26d0c517de8928c04b30
  YYText: ac09660c9ccd9b817f409a20caa6f5587444d2ae
  YYWebImage: 0431ed108e104527669b86f75efd58958425cca2
  ZFPlayer: 80cf92fef7412ff7a31e47c6658c50393351f938

PODFILE CHECKSUM: 14bdeaf3ac104102f658cb9009e9925e2ba9c251

COCOAPODS: 1.1.1
